
Microsoft Visual Studio Solution File, Format Version 11.00
# Visual Studio 2010
Project("{E24C65DC-7377-472B-9ABA-BC803B73C61A}") = "JpmmsWeb", "JpmmsWeb\", "{41CE6860-AFAC-4A1E-BA0F-3697E0FAA86A}"
	ProjectSection(WebsiteProperties) = preProject
		Frontpage = "false"
		TargetFrameworkMoniker = ".NETFramework,Version%3Dv3.5"
		ProjectReferences = "{9014136C-BB3B-41D5-861E-18DEF002216A}|JpmmsClasses.dll;{6BC742EA-D6FA-463E-B05E-C9CC50686B25}|UtilitiesLibrary.dll;{AD97F62C-8BD3-485D-95F7-B94C0799FEA2}|EditableDropDownList.dll;"
		Debug.AspNetCompiler.VirtualPath = "/JpmmsWeb"
		Debug.AspNetCompiler.PhysicalPath = "JpmmsWeb\"
		Debug.AspNetCompiler.TargetPath = "PrecompiledWeb\JpmmsWeb\"
		Debug.AspNetCompiler.Updateable = "true"
		Debug.AspNetCompiler.ForceOverwrite = "true"
		Debug.AspNetCompiler.FixedNames = "false"
		Debug.AspNetCompiler.Debug = "True"
		Release.AspNetCompiler.VirtualPath = "/JpmmsWeb"
		Release.AspNetCompiler.PhysicalPath = "JpmmsWeb\"
		Release.AspNetCompiler.TargetPath = "PrecompiledWeb\JpmmsWeb\"
		Release.AspNetCompiler.Updateable = "true"
		Release.AspNetCompiler.ForceOverwrite = "true"
		Release.AspNetCompiler.FixedNames = "false"
		Release.AspNetCompiler.Debug = "False"
		VWDPort = "34519"
	EndProjectSection
EndProject
Project("{FAE04EC0-301F-11D3-BF4B-00C04F79EFBC}") = "EditableDropDownList", "EditableDropDownList\EditableDropDownList.csproj", "{AD97F62C-8BD3-485D-95F7-B94C0799FEA2}"
EndProject
Project("{FAE04EC0-301F-11D3-BF4B-00C04F79EFBC}") = "JpmmsClasses", "JpmmsClasses\JpmmsClasses.csproj", "{9014136C-BB3B-41D5-861E-18DEF002216A}"
EndProject
Project("{E24C65DC-7377-472B-9ABA-BC803B73C61A}") = "Removed", "Removed\", "{6841FB8B-F7BA-42F3-B87C-9FFD1C6C4AE2}"
	ProjectSection(WebsiteProperties) = preProject
		Frontpage = "false"
		TargetFrameworkMoniker = ".NETFramework,Version%3Dv3.5"
		Debug.AspNetCompiler.VirtualPath = "/Removed"
		Debug.AspNetCompiler.PhysicalPath = "Removed\"
		Debug.AspNetCompiler.TargetPath = "PrecompiledWeb\Removed\"
		Debug.AspNetCompiler.Updateable = "true"
		Debug.AspNetCompiler.ForceOverwrite = "true"
		Debug.AspNetCompiler.FixedNames = "false"
		Debug.AspNetCompiler.Debug = "True"
		Release.AspNetCompiler.VirtualPath = "/Removed"
		Release.AspNetCompiler.PhysicalPath = "Removed\"
		Release.AspNetCompiler.TargetPath = "PrecompiledWeb\Removed\"
		Release.AspNetCompiler.Updateable = "true"
		Release.AspNetCompiler.ForceOverwrite = "true"
		Release.AspNetCompiler.FixedNames = "false"
		Release.AspNetCompiler.Debug = "False"
		VWDPort = "34525"
	EndProjectSection
EndProject
Project("{FAE04EC0-301F-11D3-BF4B-00C04F79EFBC}") = "UtilitiesLibrary", "UtilitiesLibrary\UtilitiesLibrary.csproj", "{6BC742EA-D6FA-463E-B05E-C9CC50686B25}"
EndProject
Global
	GlobalSection(SolutionConfigurationPlatforms) = preSolution
		Debug|Any CPU = Debug|Any CPU
		Release|Any CPU = Release|Any CPU
	EndGlobalSection
	GlobalSection(ProjectConfigurationPlatforms) = postSolution
		{41CE6860-AFAC-4A1E-BA0F-3697E0FAA86A}.Debug|Any CPU.ActiveCfg = Debug|Any CPU
		{41CE6860-AFAC-4A1E-BA0F-3697E0FAA86A}.Debug|Any CPU.Build.0 = Debug|Any CPU
		{41CE6860-AFAC-4A1E-BA0F-3697E0FAA86A}.Release|Any CPU.ActiveCfg = Debug|Any CPU
		{41CE6860-AFAC-4A1E-BA0F-3697E0FAA86A}.Release|Any CPU.Build.0 = Debug|Any CPU
		{AD97F62C-8BD3-485D-95F7-B94C0799FEA2}.Debug|Any CPU.ActiveCfg = Debug|Any CPU
		{AD97F62C-8BD3-485D-95F7-B94C0799FEA2}.Release|Any CPU.ActiveCfg = Release|Any CPU
		{AD97F62C-8BD3-485D-95F7-B94C0799FEA2}.Release|Any CPU.Build.0 = Release|Any CPU
		{9014136C-BB3B-41D5-861E-18DEF002216A}.Debug|Any CPU.ActiveCfg = Debug|Any CPU
		{9014136C-BB3B-41D5-861E-18DEF002216A}.Debug|Any CPU.Build.0 = Debug|Any CPU
		{9014136C-BB3B-41D5-861E-18DEF002216A}.Release|Any CPU.ActiveCfg = Release|Any CPU
		{9014136C-BB3B-41D5-861E-18DEF002216A}.Release|Any CPU.Build.0 = Release|Any CPU
		{6841FB8B-F7BA-42F3-B87C-9FFD1C6C4AE2}.Debug|Any CPU.ActiveCfg = Debug|Any CPU
		{6841FB8B-F7BA-42F3-B87C-9FFD1C6C4AE2}.Release|Any CPU.ActiveCfg = Debug|Any CPU
		{6841FB8B-F7BA-42F3-B87C-9FFD1C6C4AE2}.Release|Any CPU.Build.0 = Debug|Any CPU
		{6BC742EA-D6FA-463E-B05E-C9CC50686B25}.Debug|Any CPU.ActiveCfg = Debug|Any CPU
		{6BC742EA-D6FA-463E-B05E-C9CC50686B25}.Debug|Any CPU.Build.0 = Debug|Any CPU
		{6BC742EA-D6FA-463E-B05E-C9CC50686B25}.Release|Any CPU.ActiveCfg = Release|Any CPU
		{6BC742EA-D6FA-463E-B05E-C9CC50686B25}.Release|Any CPU.Build.0 = Release|Any CPU
	EndGlobalSection
	GlobalSection(SolutionProperties) = preSolution
		HideSolutionNode = FALSE
	EndGlobalSection
EndGlobal
